
Microsoft Visual Studio Solution File, Format Version 12.00
# Visual Studio Version 16
VisualStudioVersion = 16.0.29209.62
MinimumVisualStudioVersion = 10.0.40219.1
Project("{9A19103F-16F7-4668-BE54-9A1E7A4F7556}") = "MySalon-Master", "MySalon-Master.csproj", "{0383D135-D06D-41AB-9EBF-8A9DE3975E71}"
EndProject
Project("{FAE04EC0-301F-11D3-BF4B-00C04F79EFBC}") = "DAL", "..\DAL\DAL.csproj", "{9AEC0E4C-2D96-4E25-B39C-AB098A790765}"
EndProject
Global
	GlobalSection(SolutionConfigurationPlatforms) = preSolution
		Debug|Any CPU = Debug|Any CPU
		Release|Any CPU = Release|Any CPU
	EndGlobalSection
	GlobalSection(ProjectConfigurationPlatforms) = postSolution
		{0383D135-D06D-41AB-9EBF-8A9DE3975E71}.Debug|Any CPU.ActiveCfg = Debug|Any CPU
		{0383D135-D06D-41AB-9EBF-8A9DE3975E71}.Debug|Any CPU.Build.0 = Debug|Any CPU
		{0383D135-D06D-41AB-9EBF-8A9DE3975E71}.Release|Any CPU.ActiveCfg = Release|Any CPU
		{0383D135-D06D-41AB-9EBF-8A9DE3975E71}.Release|Any CPU.Build.0 = Release|Any CPU
		{9AEC0E4C-2D96-4E25-B39C-AB098A790765}.Debug|Any CPU.ActiveCfg = Debug|Any CPU
		{9AEC0E4C-2D96-4E25-B39C-AB098A790765}.Debug|Any CPU.Build.0 = Debug|Any CPU
		{9AEC0E4C-2D96-4E25-B39C-AB098A790765}.Release|Any CPU.ActiveCfg = Release|Any CPU
		{9AEC0E4C-2D96-4E25-B39C-AB098A790765}.Release|Any CPU.Build.0 = Release|Any CPU
	EndGlobalSection
	GlobalSection(SolutionProperties) = preSolution
		HideSolutionNode = FALSE
	EndGlobalSection
	GlobalSection(ExtensibilityGlobals) = postSolution
		SolutionGuid = {A94DD78E-C7C1-49A7-BED1-E1ACE707279F}
	EndGlobalSection
EndGlobal
